
Microsoft Visual Studio Solution File, Format Version 12.00
# Visual Studio Version 17
VisualStudioVersion = 17.7.34024.191
MinimumVisualStudioVersion = 10.0.40219.1
Project("{FAE04EC0-301F-11D3-BF4B-00C04F79EFBC}") = "Lab_3_WF_C#", "Lab_3_WF_C#\Lab_3_WF_C#.csproj", "{B625F3E1-CBB1-43F5-9430-FA963F2239D9}"
EndProject
Global
	GlobalSection(SolutionConfigurationPlatforms) = preSolution
		Debug|Any CPU = Debug|Any CPU
		Release|Any CPU = Release|Any CPU
	EndGlobalSection
	GlobalSection(ProjectConfigurationPlatforms) = postSolution
		{B625F3E1-CBB1-43F5-9430-FA963F2239D9}.Debug|Any CPU.ActiveCfg = Debug|Any CPU
		{B625F3E1-CBB1-43F5-9430-FA963F2239D9}.Debug|Any CPU.Build.0 = Debug|Any CPU
		{B625F3E1-CBB1-43F5-9430-FA963F2239D9}.Release|Any CPU.ActiveCfg = Release|Any CPU
		{B625F3E1-CBB1-43F5-9430-FA963F2239D9}.Release|Any CPU.Build.0 = Release|Any CPU
	EndGlobalSection
	GlobalSection(SolutionProperties) = preSolution
		HideSolutionNode = FALSE
	EndGlobalSection
	GlobalSection(ExtensibilityGlobals) = postSolution
		SolutionGuid = {72B17A3D-E5F9-48E7-9597-D7259BC23DF6}
	EndGlobalSection
EndGlobal
